
Microsoft Visual Studio Solution File, Format Version 12.00
# Visual Studio 15
VisualStudioVersion = 15.0.27703.2042
MinimumVisualStudioVersion = 10.0.40219.1
Project("{FAE04EC0-301F-11D3-BF4B-00C04F79EFBC}") = "PriorityScheduling", "WindowsFormsApp2\PriorityScheduling.csproj", "{BA395871-CF0C-491D-93FB-FA2F8F0D5EFD}"
EndProject
Global
	GlobalSection(SolutionConfigurationPlatforms) = preSolution
		Debug|Any CPU = Debug|Any CPU
		Release|Any CPU = Release|Any CPU
	EndGlobalSection
	GlobalSection(ProjectConfigurationPlatforms) = postSolution
		{BA395871-CF0C-491D-93FB-FA2F8F0D5EFD}.Debug|Any CPU.ActiveCfg = Debug|Any CPU
		{BA395871-CF0C-491D-93FB-FA2F8F0D5EFD}.Debug|Any CPU.Build.0 = Debug|Any CPU
		{BA395871-CF0C-491D-93FB-FA2F8F0D5EFD}.Release|Any CPU.ActiveCfg = Release|Any CPU
		{BA395871-CF0C-491D-93FB-FA2F8F0D5EFD}.Release|Any CPU.Build.0 = Release|Any CPU
	EndGlobalSection
	GlobalSection(SolutionProperties) = preSolution
		HideSolutionNode = FALSE
	EndGlobalSection
	GlobalSection(ExtensibilityGlobals) = postSolution
		SolutionGuid = {F3A56F1C-B584-4528-AF90-73D763778A6C}
	EndGlobalSection
EndGlobal
